dependencies:
  espressif/esp-nn:
    component_hash: 3b3411b0e4ad1717a72870fde9f9b67cef6f3f97491cc64fcfc1910a8fd8a246
    source:
      service_url: https://api.components.espressif.com/
      type: service
    version: 1.4.1
  espressif/esp-tflite-micro:
    component_hash: bdb2625ed976d5b861177cdc295abc6738724f84f4c7c60fc58c721d2b30bed6
    source:
      service_url: https://api.components.espressif.com/
      type: service
    version: 1.4.1
  idf:
    component_hash: null
    source:
      type: idf
    version: 5.1.0
manifest_hash: 426193721518b1e824c92159015930f7e779381eddb1d2a0e514b659425d6b38
target: esp32s3
version: 1.0.0
